
Microsoft Visual Studio Solution File, Format Version 12.00
# Visual Studio Version 17
VisualStudioVersion = 17.4.33213.308
MinimumVisualStudioVersion = 10.0.40219.1
Project("{9A19103F-16F7-4668-BE54-9A1E7A4F7556}") = "Lucy", "Lucy\Lucy.csproj", "{64ED6048-6F57-4DD3-B7DC-69F4F106D94F}"
EndProject
Project("{9A19103F-16F7-4668-BE54-9A1E7A4F7556}") = "Tests_Lucy", "Tests_Lucy\Tests_Lucy.csproj", "{392FD7A0-7380-445C-AD89-028C2B227151}"
EndProject
Global
	GlobalSection(SolutionConfigurationPlatforms) = preSolution
		Debug|Any CPU = Debug|Any CPU
		Release|Any CPU = Release|Any CPU
	EndGlobalSection
	GlobalSection(ProjectConfigurationPlatforms) = postSolution
		{64ED6048-6F57-4DD3-B7DC-69F4F106D94F}.Debug|Any CPU.ActiveCfg = Debug|Any CPU
		{64ED6048-6F57-4DD3-B7DC-69F4F106D94F}.Debug|Any CPU.Build.0 = Debug|Any CPU
		{64ED6048-6F57-4DD3-B7DC-69F4F106D94F}.Release|Any CPU.ActiveCfg = Release|Any CPU
		{64ED6048-6F57-4DD3-B7DC-69F4F106D94F}.Release|Any CPU.Build.0 = Release|Any CPU
		{392FD7A0-7380-445C-AD89-028C2B227151}.Debug|Any CPU.ActiveCfg = Debug|Any CPU
		{392FD7A0-7380-445C-AD89-028C2B227151}.Debug|Any CPU.Build.0 = Debug|Any CPU
		{392FD7A0-7380-445C-AD89-028C2B227151}.Release|Any CPU.ActiveCfg = Release|Any CPU
		{392FD7A0-7380-445C-AD89-028C2B227151}.Release|Any CPU.Build.0 = Release|Any CPU
	EndGlobalSection
	GlobalSection(SolutionProperties) = preSolution
		HideSolutionNode = FALSE
	EndGlobalSection
	GlobalSection(ExtensibilityGlobals) = postSolution
		SolutionGuid = {218083CE-F73C-474F-A5AB-69C8C9C55AA4}
	EndGlobalSection
EndGlobal
